{
  "requires": true,
  "lockfileVersion": 1,
  "dependencies": {
    "lodash.find": {
      "version": "4.6.0",
      "resolved": "https://registry.npm.taobao.org/lodash.find/download/lodash.find-4.6.0.tgz",
      "integrity": "sha1-ywcE1Hq3F4n/oN6Ll92Sb7iLE7E="
    },
    "vue-area-linkage": {
      "version": "5.1.0",
      "resolved": "https://registry.npm.taobao.org/vue-area-linkage/download/vue-area-linkage-5.1.0.tgz",
      "integrity": "sha1-NplisQmQewWK7c+fferLnmWv6gM=",
      "requires": {
        "lodash.find": "^4.6.0"
      }
    }
  }
}
